// !$*UTF8*$!
{
	archiveVersion = 1;
	classes = {
	};
	objectVersion = 46;
	objects = {

/* Begin PBXBuildFile section */
		15FC89EB1BB9241E00D79926 /* AppDelegate.swift in Sources */ = {isa = PBXBuildFile; fileRef = 15FC89EA1BB9241E00D79926 /* AppDelegate.swift */; };
		15FC89ED1BB9241E00D79926 /* ViewController.swift in Sources */ = {isa = PBXBuildFile; fileRef = 15FC89EC1BB9241E00D79926 /* ViewController.swift */; };
		15FC89F01BB9241E00D79926 /* Main.storyboard in Resources */ = {isa = PBXBuildFile; fileRef = 15FC89EE1BB9241E00D79926 /* Main.storyboard */; };
		15FC89F31BB9241E00D79926 /* SwiftyRefreshJson.xcdatamodeld in Sources */ = {isa = PBXBuildFile; fileRef = 15FC89F11BB9241E00D79926 /* SwiftyRefreshJson.xcdatamodeld */; };
		15FC89F51BB9241E00D79926 /* Assets.xcassets in Resources */ = {isa = PBXBuildFile; fileRef = 15FC89F41BB9241E00D79926 /* Assets.xcassets */; };
		15FC89F81BB9241E00D79926 /* LaunchScreen.storyboard in Resources */ = {isa = PBXBuildFile; fileRef = 15FC89F61BB9241E00D79926 /* LaunchScreen.storyboard */; };
		15FC8A031BB9241E00D79926 /* SwiftyRefreshJsonTests.swift in Sources */ = {isa = PBXBuildFile; fileRef = 15FC8A021BB9241E00D79926 /* SwiftyRefreshJsonTests.swift */; };
		15FC8A0E1BB9241E00D79926 /* SwiftyRefreshJsonUITests.swift in Sources */ = {isa = PBXBuildFile; fileRef = 15FC8A0D1BB9241E00D79926 /* SwiftyRefreshJsonUITests.swift */; };
		15FC8A1C1BB924AA00D79926 /* JHProgressHUD.swift in Sources */ = {isa = PBXBuildFile; fileRef = 15FC8A1B1BB924AA00D79926 /* JHProgressHUD.swift */; settings = {ASSET_TAGS = (); }; };
		15FC8A271BB9261600D79926 /* Country+CoreDataProperties.swift in Sources */ = {isa = PBXBuildFile; fileRef = 15FC8A251BB9261600D79926 /* Country+CoreDataProperties.swift */; settings = {ASSET_TAGS = (); }; };
		15FC8A281BB9261600D79926 /* Country.swift in Sources */ = {isa = PBXBuildFile; fileRef = 15FC8A261BB9261600D79926 /* Country.swift */; settings = {ASSET_TAGS = (); }; };
		15FC8A2B1BB9263F00D79926 /* CountryListingVC.swift in Sources */ = {isa = PBXBuildFile; fileRef = 15FC8A291BB9263F00D79926 /* CountryListingVC.swift */; settings = {ASSET_TAGS = (); }; };
		15FC8A2C1BB9263F00D79926 /* DetailViewController.swift in Sources */ = {isa = PBXBuildFile; fileRef = 15FC8A2A1BB9263F00D79926 /* DetailViewController.swift */; settings = {ASSET_TAGS = (); }; };
/* End PBXBuildFile section */

/* Begin PBXContainerItemProxy section */
		15FC89FF1BB9241E00D79926 /* PBXContainerItemProxy */ = {
			isa = PBXContainerItemProxy;
			containerPortal = 15FC89DF1BB9241E00D79926 /* Project object */;
			proxyType = 1;
			remoteGlobalIDString = 15FC89E61BB9241E00D79926;
			remoteInfo = SwiftyRefreshJson;
		};
		15FC8A0A1BB9241E00D79926 /* PBXContainerItemProxy */ = {
			isa = PBXContainerItemProxy;
			containerPortal = 15FC89DF1BB9241E00D79926 /* Project object */;
			proxyType = 1;
			remoteGlobalIDString = 15FC89E61BB9241E00D79926;
			remoteInfo = SwiftyRefreshJson;
		};
/* End PBXContainerItemProxy section */

/* Begin PBXFileReference section */
		15FC89E71BB9241E00D79926 /* SwiftyRefreshJson.app */ = {isa = PBXFileReference; explicitFileType = wrapper.application; includeInIndex = 0; path = SwiftyRefreshJson.app; sourceTree = BUILT_PRODUCTS_DIR; };
		15FC89EA1BB9241E00D79926 /* AppDelegate.swift */ = {isa = PBXFileReference; lastKnownFileType = sourcecode.swift; path = AppDelegate.swift; sourceTree = "<group>"; };
		15FC89EC1BB9241E00D79926 /* ViewController.swift */ = {isa = PBXFileReference; lastKnownFileType = sourcecode.swift; path = ViewController.swift; sourceTree = "<group>"; };
		15FC89EF1BB9241E00D79926 /* Base */ = {isa = PBXFileReference; lastKnownFileType = file.storyboard; name = Base; path = Base.lproj/Main.storyboard; sourceTree = "<group>"; };
		15FC89F21BB9241E00D79926 /* SwiftyRefreshJson.xcdatamodel */ = {isa = PBXFileReference; lastKnownFileType = wrapper.xcdatamodel; path = SwiftyRefreshJson.xcdatamodel; sourceTree = "<group>"; };
		15FC89F41BB9241E00D79926 /* Assets.xcassets */ = {isa = PBXFileReference; lastKnownFileType = folder.assetcatalog; path = Assets.xcassets; sourceTree = "<group>"; };
		15FC89F71BB9241E00D79926 /* Base */ = {isa = PBXFileReference; lastKnownFileType = file.storyboard; name = Base; path = Base.lproj/LaunchScreen.storyboard; sourceTree = "<group>"; };
		15FC89F91BB9241E00D79926 /* Info.plist */ = {isa = PBXFileReference; lastKnownFileType = text.plist.xml; path = Info.plist; sourceTree = "<group>"; };
		15FC89FE1BB9241E00D79926 /* SwiftyRefreshJsonTests.xctest */ = {isa = PBXFileReference; explicitFileType = wrapper.cfbundle; includeInIndex = 0; path = SwiftyRefreshJsonTests.xctest; sourceTree = BUILT_PRODUCTS_DIR; };
		15FC8A021BB9241E00D79926 /* SwiftyRefreshJsonTests.swift */ = {isa = PBXFileReference; lastKnownFileType = sourcecode.swift; path = SwiftyRefreshJsonTests.swift; sourceTree = "<group>"; };
		15FC8A041BB9241E00D79926 /* Info.plist */ = {isa = PBXFileReference; lastKnownFileType = text.plist.xml; path = Info.plist; sourceTree = "<group>"; };
		15FC8A091BB9241E00D79926 /* SwiftyRefreshJsonUITests.xctest */ = {isa = PBXFileReference; explicitFileType = wrapper.cfbundle; includeInIndex = 0; path = SwiftyRefreshJsonUITests.xctest; sourceTree = BUILT_PRODUCTS_DIR; };
		15FC8A0D1BB9241E00D79926 /* SwiftyRefreshJsonUITests.swift */ = {isa = PBXFileReference; lastKnownFileType = sourcecode.swift; path = SwiftyRefreshJsonUITests.swift; sourceTree = "<group>"; };
		15FC8A0F1BB9241E00D79926 /* Info.plist */ = {isa = PBXFileReference; lastKnownFileType = text.plist.xml; path = Info.plist; sourceTree = "<group>"; };
		15FC8A1B1BB924AA00D79926 /* JHProgressHUD.swift */ = {isa = PBXFileReference; fileEncoding = 4; lastKnownFileType = sourcecode.swift; path = JHProgressHUD.swift; sourceTree = "<group>"; };
		15FC8A251BB9261600D79926 /* Country+CoreDataProperties.swift */ = {isa = PBXFileReference; fileEncoding = 4; lastKnownFileType = sourcecode.swift; path = "Country+CoreDataProperties.swift"; sourceTree = "<group>"; };
		15FC8A261BB9261600D79926 /* Country.swift */ = {isa = PBXFileReference; fileEncoding = 4; lastKnownFileType = sourcecode.swift; path = Country.swift; sourceTree = "<group>"; };
		15FC8A291BB9263F00D79926 /* CountryListingVC.swift */ = {isa = PBXFileReference; fileEncoding = 4; lastKnownFileType = sourcecode.swift; path = CountryListingVC.swift; sourceTree = "<group>"; };
		15FC8A2A1BB9263F00D79926 /* DetailViewController.swift */ = {isa = PBXFileReference; fileEncoding = 4; lastKnownFileType = sourcecode.swift; path = DetailViewController.swift; sourceTree = "<group>"; };
/* End PBXFileReference section */

/* Begin PBXFrameworksBuildPhase section */
		15FC89E41BB9241E00D79926 /* Frameworks */ = {
			isa = PBXFrameworksBuildPhase;
			buildActionMask = 2147483647;
			files = (
			);
			runOnlyForDeploymentPostprocessing = 0;
		};
		15FC89FB1BB9241E00D79926 /* Frameworks */ = {
			isa = PBXFrameworksBuildPhase;
			buildActionMask = 2147483647;
			files = (
			);
			runOnlyForDeploymentPostprocessing = 0;
		};
		15FC8A061BB9241E00D79926 /* Frameworks */ = {
			isa = PBXFrameworksBuildPhase;
			buildActionMask = 2147483647;
			files = (
			);
			runOnlyForDeploymentPostprocessing = 0;
		};
/* End PBXFrameworksBuildPhase section */

/* Begin PBXGroup section */
		15FC89DE1BB9241E00D79926 = {
			isa = PBXGroup;
			children = (
				15FC89E91BB9241E00D79926 /* SwiftyRefreshJson */,
				15FC8A011BB9241E00D79926 /* SwiftyRefreshJsonTests */,
				15FC8A0C1BB9241E00D79926 /* SwiftyRefreshJsonUITests */,
				15FC89E81BB9241E00D79926 /* Products */,
			);
			sourceTree = "<group>";
		};
		15FC89E81BB9241E00D79926 /* Products */ = {
			isa = PBXGroup;
			children = (
				15FC89E71BB9241E00D79926 /* SwiftyRefreshJson.app */,
				15FC89FE1BB9241E00D79926 /* SwiftyRefreshJsonTests.xctest */,
				15FC8A091BB9241E00D79926 /* SwiftyRefreshJsonUITests.xctest */,
			);
			name = Products;
			sourceTree = "<group>";
		};
		15FC89E91BB9241E00D79926 /* SwiftyRefreshJson */ = {
			isa = PBXGroup;
			children = (
				15FC8A291BB9263F00D79926 /* CountryListingVC.swift */,
				15FC8A2A1BB9263F00D79926 /* DetailViewController.swift */,
				15FC8A1B1BB924AA00D79926 /* JHProgressHUD.swift */,
				15FC89EA1BB9241E00D79926 /* AppDelegate.swift */,
				15FC89EC1BB9241E00D79926 /* ViewController.swift */,
				15FC89EE1BB9241E00D79926 /* Main.storyboard */,
				15FC89F41BB9241E00D79926 /* Assets.xcassets */,
				15FC89F61BB9241E00D79926 /* LaunchScreen.storyboard */,
				15FC89F91BB9241E00D79926 /* Info.plist */,
				15FC89F11BB9241E00D79926 /* SwiftyRefreshJson.xcdatamodeld */,
				15FC8A251BB9261600D79926 /* Country+CoreDataProperties.swift */,
				15FC8A261BB9261600D79926 /* Country.swift */,
			);
			path = SwiftyRefreshJson;
			sourceTree = "<group>";
		};
		15FC8A011BB9241E00D79926 /* SwiftyRefreshJsonTests */ = {
			isa = PBXGroup;
			children = (
				15FC8A021BB9241E00D79926 /* SwiftyRefreshJsonTests.swift */,
				15FC8A041BB9241E00D79926 /* Info.plist */,
			);
			path = SwiftyRefreshJsonTests;
			sourceTree = "<group>";
		};
		15FC8A0C1BB9241E00D79926 /* SwiftyRefreshJsonUITests */ = {
			isa = PBXGroup;
			children = (
				15FC8A0D1BB9241E00D79926 /* SwiftyRefreshJsonUITests.swift */,
				15FC8A0F1BB9241E00D79926 /* Info.plist */,
			);
			path = SwiftyRefreshJsonUITests;
			sourceTree = "<group>";
		};
/* End PBXGroup section */

/* Begin PBXNativeTarget section */
		15FC89E61BB9241E00D79926 /* SwiftyRefreshJson */ = {
			isa = PBXNativeTarget;
			buildConfigurationList = 15FC8A121BB9241E00D79926 /* Build configuration list for PBXNativeTarget "SwiftyRefreshJson" */;
			buildPhases = (
				15FC89E31BB9241E00D79926 /* Sources */,
				15FC89E41BB9241E00D79926 /* Frameworks */,
				15FC89E51BB9241E00D79926 /* Resources */,
			);
			buildRules = (
			);
			dependencies = (
			);
			name = SwiftyRefreshJson;
			productName = SwiftyRefreshJson;
			productReference = 15FC89E71BB9241E00D79926 /* SwiftyRefreshJson.app */;
			productType = "com.apple.product-type.application";
		};
		15FC89FD1BB9241E00D79926 /* SwiftyRefreshJsonTests */ = {
			isa = PBXNativeTarget;
			buildConfigurationList = 15FC8A151BB9241E00D79926 /* Build configuration list for PBXNativeTarget "SwiftyRefreshJsonTests" */;
			buildPhases = (
				15FC89FA1BB9241E00D79926 /* Sources */,
				15FC89FB1BB9241E00D79926 /* Frameworks */,
				15FC89FC1BB9241E00D79926 /* Resources */,
			);
			buildRules = (
			);
			dependencies = (
				15FC8A001BB9241E00D79926 /* PBXTargetDependency */,
			);
			name = SwiftyRefreshJsonTests;
			productName = SwiftyRefreshJsonTests;
			productReference = 15FC89FE1BB9241E00D79926 /* SwiftyRefreshJsonTests.xctest */;
			productType = "com.apple.product-type.bundle.unit-test";
		};
		15FC8A081BB9241E00D79926 /* SwiftyRefreshJsonUITests */ = {
			isa = PBXNativeTarget;
			buildConfigurationList = 15FC8A181BB9241E00D79926 /* Build configuration list for PBXNativeTarget "SwiftyRefreshJsonUITests" */;
			buildPhases = (
				15FC8A051BB9241E00D79926 /* Sources */,
				15FC8A061BB9241E00D79926 /* Frameworks */,
				15FC8A071BB9241E00D79926 /* Resources */,
			);
			buildRules = (
			);
			dependencies = (
				15FC8A0B1BB9241E00D79926 /* PBXTargetDependency */,
			);
			name = SwiftyRefreshJsonUITests;
			productName = SwiftyRefreshJsonUITests;
			productReference = 15FC8A091BB9241E00D79926 /* SwiftyRefreshJsonUITests.xctest */;
			productType = "com.apple.product-type.bundle.ui-testing";
		};
/* End PBXNativeTarget section */

/* Begin PBXProject section */
		15FC89DF1BB9241E00D79926 /* Project object */ = {
			isa = PBXProject;
			attributes = {
				LastUpgradeCheck = 0700;
				ORGANIZATIONNAME = "Sugam Kalra";
				TargetAttributes = {
					15FC89E61BB9241E00D79926 = {
						CreatedOnToolsVersion = 7.0;
					};
					15FC89FD1BB9241E00D79926 = {
						CreatedOnToolsVersion = 7.0;
						TestTargetID = 15FC89E61BB9241E00D79926;
					};
					15FC8A081BB9241E00D79926 = {
						CreatedOnToolsVersion = 7.0;
						TestTargetID = 15FC89E61BB9241E00D79926;
					};
				};
			};
			buildConfigurationList = 15FC89E21BB9241E00D79926 /* Build configuration list for PBXProject "SwiftyRefreshJson" */;
			compatibilityVersion = "Xcode 3.2";
			developmentRegion = English;
			hasScannedForEncodings = 0;
			knownRegions = (
				en,
				Base,
			);
			mainGroup = 15FC89DE1BB9241E00D79926;
			productRefGroup = 15FC89E81BB9241E00D79926 /* Products */;
			projectDirPath = "";
			projectRoot = "";
			targets = (
				15FC89E61BB9241E00D79926 /* SwiftyRefreshJson */,
				15FC89FD1BB9241E00D79926 /* SwiftyRefreshJsonTests */,
				15FC8A081BB9241E00D79926 /* SwiftyRefreshJsonUITests */,
			);
		};
/* End PBXProject section */

/* Begin PBXResourcesBuildPhase section */
		15FC89E51BB9241E00D79926 /* Resources */ = {
			isa = PBXResourcesBuildPhase;
			buildActionMask = 2147483647;
			files = (
				15FC89F81BB9241E00D79926 /* LaunchScreen.storyboard in Resources */,
				15FC89F51BB9241E00D79926 /* Assets.xcassets in Resources */,
				15FC89F01BB9241E00D79926 /* Main.storyboard in Resources */,
			);
			runOnlyForDeploymentPostprocessing = 0;
		};
		15FC89FC1BB9241E00D79926 /* Resources */ = {
			isa = PBXResourcesBuildPhase;
			buildActionMask = 2147483647;
			files = (
			);
			runOnlyForDeploymentPostprocessing = 0;
		};
		15FC8A071BB9241E00D79926 /* Resources */ = {
			isa = PBXResourcesBuildPhase;
			buildActionMask = 2147483647;
			files = (
			);
			runOnlyForDeploymentPostprocessing = 0;
		};
/* End PBXResourcesBuildPhase section */

/* Begin PBXSourcesBuildPhase section */
		15FC89E31BB9241E00D79926 /* Sources */ = {
			isa = PBXSourcesBuildPhase;
			buildActionMask = 2147483647;
			files = (
				15FC8A271BB9261600D79926 /* Country+CoreDataProperties.swift in Sources */,
				15FC89F31BB9241E00D79926 /* SwiftyRefreshJson.xcdatamodeld in Sources */,
				15FC89ED1BB9241E00D79926 /* ViewController.swift in Sources */,
				15FC8A1C1BB924AA00D79926 /* JHProgressHUD.swift in Sources */,
				15FC8A281BB9261600D79926 /* Country.swift in Sources */,
				15FC8A2B1BB9263F00D79926 /* CountryListingVC.swift in Sources */,
				15FC89EB1BB9241E00D79926 /* AppDelegate.swift in Sources */,
				15FC8A2C1BB9263F00D79926 /* DetailViewController.swift in Sources */,
			);
			runOnlyForDeploymentPostprocessing = 0;
		};
		15FC89FA1BB9241E00D79926 /* Sources */ = {
			isa = PBXSourcesBuildPhase;
			buildActionMask = 2147483647;
			files = (
				15FC8A031BB9241E00D79926 /* SwiftyRefreshJsonTests.swift in Sources */,
			);
			runOnlyForDeploymentPostprocessing = 0;
		};
		15FC8A051BB9241E00D79926 /* Sources */ = {
			isa = PBXSourcesBuildPhase;
			buildActionMask = 2147483647;
			files = (
				15FC8A0E1BB9241E00D79926 /* SwiftyRefreshJsonUITests.swift in Sources */,
			);
			runOnlyForDeploymentPostprocessing = 0;
		};
/* End PBXSourcesBuildPhase section */

/* Begin PBXTargetDependency section */
		15FC8A001BB9241E00D79926 /* PBXTargetDependency */ = {
			isa = PBXTargetDependency;
			target = 15FC89E61BB9241E00D79926 /* SwiftyRefreshJson */;
			targetProxy = 15FC89FF1BB9241E00D79926 /* PBXContainerItemProxy */;
		};
		15FC8A0B1BB9241E00D79926 /* PBXTargetDependency */ = {
			isa = PBXTargetDependency;
			target = 15FC89E61BB9241E00D79926 /* SwiftyRefreshJson */;
			targetProxy = 15FC8A0A1BB9241E00D79926 /* PBXContainerItemProxy */;
		};
/* End PBXTargetDependency section */

/* Begin PBXVariantGroup section */
		15FC89EE1BB9241E00D79926 /* Main.storyboard */ = {
			isa = PBXVariantGroup;
			children = (
				15FC89EF1BB9241E00D79926 /* Base */,
			);
			name = Main.storyboard;
			sourceTree = "<group>";
		};
		15FC89F61BB9241E00D79926 /* LaunchScreen.storyboard */ = {
			isa = PBXVariantGroup;
			children = (
				15FC89F71BB9241E00D79926 /* Base */,
			);
			name = LaunchScreen.storyboard;
			sourceTree = "<group>";
		};
/* End PBXVariantGroup section */

/* Begin XCBuildConfiguration section */
		15FC8A101BB9241E00D79926 /* Debug */ = {
			isa = XCBuildConfiguration;
			buildSettings = {
				ALWAYS_SEARCH_USER_PATHS = NO;
				CLANG_CXX_LANGUAGE_STANDARD = "gnu++0x";
				CLANG_CXX_LIBRARY = "libc++";
				CLANG_ENABLE_MODULES = YES;
				CLANG_ENABLE_OBJC_ARC = YES;
				CLANG_WARN_BOOL_CONVERSION = YES;
				CLANG_WARN_CONSTANT_CONVERSION = YES;
				CLANG_WARN_DIRECT_OBJC_ISA_USAGE = YES_ERROR;
				CLANG_WARN_EMPTY_BODY = YES;
				CLANG_WARN_ENUM_CONVERSION = YES;
				CLANG_WARN_INT_CONVERSION = YES;
				CLANG_WARN_OBJC_ROOT_CLASS = YES_ERROR;
				CLANG_WARN_UNREACHABLE_CODE = YES;
				CLANG_WARN__DUPLICATE_METHOD_MATCH = YES;
				"CODE_SIGN_IDENTITY[sdk=iphoneos*]" = "iPhone Developer";
				COPY_PHASE_STRIP = NO;
				DEBUG_INFORMATION_FORMAT = dwarf;
				ENABLE_STRICT_OBJC_MSGSEND = YES;
				ENABLE_TESTABILITY = YES;
				GCC_C_LANGUAGE_STANDARD = gnu99;
				GCC_DYNAMIC_NO_PIC = NO;
				GCC_NO_COMMON_BLOCKS = YES;
				GCC_OPTIMIZATION_LEVEL = 0;
				GCC_PREPROCESSOR_DEFINITIONS = (
					"DEBUG=1",
					"$(inherited)",
				);
				GCC_WARN_64_TO_32_BIT_CONVERSION = YES;
				GCC_WARN_ABOUT_RETURN_TYPE = YES_ERROR;
				GCC_WARN_UNDECLARED_SELECTOR = YES;
				GCC_WARN_UNINITIALIZED_AUTOS = YES_AGGRESSIVE;
				GCC_WARN_UNUSED_FUNCTION = YES;
				GCC_WARN_UNUSED_VARIABLE = YES;
				IPHONEOS_DEPLOYMENT_TARGET = 9.0;
				MTL_ENABLE_DEBUG_INFO = YES;
				ONLY_ACTIVE_ARCH = YES;
				SDKROOT = iphoneos;
				SWIFT_OPTIMIZATION_LEVEL = "-Onone";
			};
			name = Debug;
		};
		15FC8A111BB9241E00D79926 /* Release */ = {
			isa = XCBuildConfiguration;
			buildSettings = {
				ALWAYS_SEARCH_USER_PATHS = NO;
				CLANG_CXX_LANGUAGE_STANDARD = "gnu++0x";
				CLANG_CXX_LIBRARY = "libc++";
				CLANG_ENABLE_MODULES = YES;
				CLANG_ENABLE_OBJC_ARC = YES;
				CLANG_WARN_BOOL_CONVERSION = YES;
				CLANG_WARN_CONSTANT_CONVERSION = YES;
				CLANG_WARN_DIRECT_OBJC_ISA_USAGE = YES_ERROR;
				CLANG_WARN_EMPTY_BODY = YES;
				CLANG_WARN_ENUM_CONVERSION = YES;
				CLANG_WARN_INT_CONVERSION = YES;
				CLANG_WARN_OBJC_ROOT_CLASS = YES_ERROR;
				CLANG_WARN_UNREACHABLE_CODE = YES;
				CLANG_WARN__DUPLICATE_METHOD_MATCH = YES;
				"CODE_SIGN_IDENTITY[sdk=iphoneos*]" = "iPhone Developer";
				COPY_PHASE_STRIP = NO;
				DEBUG_INFORMATION_FORMAT = "dwarf-with-dsym";
				ENABLE_NS_ASSERTIONS = NO;
				ENABLE_STRICT_OBJC_MSGSEND = YES;
				GCC_C_LANGUAGE_STANDARD = gnu99;
				GCC_NO_COMMON_BLOCKS = YES;
				GCC_WARN_64_TO_32_BIT_CONVERSION = YES;
				GCC_WARN_ABOUT_RETURN_TYPE = YES_ERROR;
				GCC_WARN_UNDECLARED_SELECTOR = YES;
				GCC_WARN_UNINITIALIZED_AUTOS = YES_AGGRESSIVE;
				GCC_WARN_UNUSED_FUNCTION = YES;
				GCC_WARN_UNUSED_VARIABLE = YES;
				IPHONEOS_DEPLOYMENT_TARGET = 9.0;
				MTL_ENABLE_DEBUG_INFO = NO;
				SDKROOT = iphoneos;
				VALIDATE_PRODUCT = YES;
			};
			name = Release;
		};
		15FC8A131BB9241E00D79926 /* Debug */ = {
			isa = XCBuildConfiguration;
			buildSettings = {
				ASSETCATALOG_COMPILER_APPICON_NAME = AppIcon;
				INFOPLIST_FILE = SwiftyRefreshJson/Info.plist;
				LD_RUNPATH_SEARCH_PATHS = "$(inherited) @executable_path/Frameworks";
				PRODUCT_BUNDLE_IDENTIFIER = com.Appirio.SwiftyRefreshJson;
				PRODUCT_NAME = "$(TARGET_NAME)";
			};
			name = Debug;
		};
		15FC8A141BB9241E00D79926 /* Release */ = {
			isa = XCBuildConfiguration;
			buildSettings = {
				ASSETCATALOG_COMPILER_APPICON_NAME = AppIcon;
				INFOPLIST_FILE = SwiftyRefreshJson/Info.plist;
				LD_RUNPATH_SEARCH_PATHS = "$(inherited) @executable_path/Frameworks";
				PRODUCT_BUNDLE_IDENTIFIER = com.Appirio.SwiftyRefreshJson;
				PRODUCT_NAME = "$(TARGET_NAME)";
			};
			name = Release;
		};
		15FC8A161BB9241E00D79926 /* Debug */ = {
			isa = XCBuildConfiguration;
			buildSettings = {
				BUNDLE_LOADER = "$(TEST_HOST)";
				INFOPLIST_FILE = SwiftyRefreshJsonTests/Info.plist;
				LD_RUNPATH_SEARCH_PATHS = "$(inherited) @executable_path/Frameworks @loader_path/Frameworks";
				PRODUCT_BUNDLE_IDENTIFIER = com.Appirio.SwiftyRefreshJsonTests;
				PRODUCT_NAME = "$(TARGET_NAME)";
				TEST_HOST = "$(BUILT_PRODUCTS_DIR)/SwiftyRefreshJson.app/SwiftyRefreshJson";
			};
			name = Debug;
		};
		15FC8A171BB9241E00D79926 /* Release */ = {
			isa = XCBuildConfiguration;
			buildSettings = {
				BUNDLE_LOADER = "$(TEST_HOST)";
				INFOPLIST_FILE = SwiftyRefreshJsonTests/Info.plist;
				LD_RUNPATH_SEARCH_PATHS = "$(inherited) @executable_path/Frameworks @loader_path/Frameworks";
				PRODUCT_BUNDLE_IDENTIFIER = com.Appirio.SwiftyRefreshJsonTests;
				PRODUCT_NAME = "$(TARGET_NAME)";
				TEST_HOST = "$(BUILT_PRODUCTS_DIR)/SwiftyRefreshJson.app/SwiftyRefreshJson";
			};
			name = Release;
		};
		15FC8A191BB9241E00D79926 /* Debug */ = {
			isa = XCBuildConfiguration;
			buildSettings = {
				INFOPLIST_FILE = SwiftyRefreshJsonUITests/Info.plist;
				LD_RUNPATH_SEARCH_PATHS = "$(inherited) @executable_path/Frameworks @loader_path/Frameworks";
				PRODUCT_BUNDLE_IDENTIFIER = com.Appirio.SwiftyRefreshJsonUITests;
				PRODUCT_NAME = "$(TARGET_NAME)";
				TEST_TARGET_NAME = SwiftyRefreshJson;
				USES_XCTRUNNER = YES;
			};
			name = Debug;
		};
		15FC8A1A1BB9241E00D79926 /* Release */ = {
			isa = XCBuildConfiguration;
			buildSettings = {
				INFOPLIST_FILE = SwiftyRefreshJsonUITests/Info.plist;
				LD_RUNPATH_SEARCH_PATHS = "$(inherited) @executable_path/Frameworks @loader_path/Frameworks";
				PRODUCT_BUNDLE_IDENTIFIER = com.Appirio.SwiftyRefreshJsonUITests;
				PRODUCT_NAME = "$(TARGET_NAME)";
				TEST_TARGET_NAME = SwiftyRefreshJson;
				USES_XCTRUNNER = YES;
			};
			name = Release;
		};
/* End XCBuildConfiguration section */

/* Begin XCConfigurationList section */
		15FC89E21BB9241E00D79926 /* Build configuration list for PBXProject "SwiftyRefreshJson" */ = {
			isa = XCConfigurationList;
			buildConfigurations = (
				15FC8A101BB9241E00D79926 /* Debug */,
				15FC8A111BB9241E00D79926 /* Release */,
			);
			defaultConfigurationIsVisible = 0;
			defaultConfigurationName = Release;
		};
		15FC8A121BB9241E00D79926 /* Build configuration list for PBXNativeTarget "SwiftyRefreshJson" */ = {
			isa = XCConfigurationList;
			buildConfigurations = (
				15FC8A131BB9241E00D79926 /* Debug */,
				15FC8A141BB9241E00D79926 /* Release */,
			);
			defaultConfigurationIsVisible = 0;
			defaultConfigurationName = Release;
		};
		15FC8A151BB9241E00D79926 /* Build configuration list for PBXNativeTarget "SwiftyRefreshJsonTests" */ = {
			isa = XCConfigurationList;
			buildConfigurations = (
				15FC8A161BB9241E00D79926 /* Debug */,
				15FC8A171BB9241E00D79926 /* Release */,
			);
			defaultConfigurationIsVisible = 0;
			defaultConfigurationName = Release;
		};
		15FC8A181BB9241E00D79926 /* Build configuration list for PBXNativeTarget "SwiftyRefreshJsonUITests" */ = {
			isa = XCConfigurationList;
			buildConfigurations = (
				15FC8A191BB9241E00D79926 /* Debug */,
				15FC8A1A1BB9241E00D79926 /* Release */,
			);
			defaultConfigurationIsVisible = 0;
			defaultConfigurationName = Release;
		};
/* End XCConfigurationList section */

/* Begin XCVersionGroup section */
		15FC89F11BB9241E00D79926 /* SwiftyRefreshJson.xcdatamodeld */ = {
			isa = XCVersionGroup;
			children = (
				15FC89F21BB9241E00D79926 /* SwiftyRefreshJson.xcdatamodel */,
			);
			currentVersion = 15FC89F21BB9241E00D79926 /* SwiftyRefreshJson.xcdatamodel */;
			path = SwiftyRefreshJson.xcdatamodeld;
			sourceTree = "<group>";
			versionGroupType = wrapper.xcdatamodel;
		};
/* End XCVersionGroup section */
	};
	rootObject = 15FC89DF1BB9241E00D79926 /* Project object */;
}
